
Microsoft Visual Studio Solution File, Format Version 12.00
# Visual Studio Version 17
VisualStudioVersion = 17.8.34525.116
MinimumVisualStudioVersion = 10.0.40219.1
Project("{9A19103F-16F7-4668-BE54-9A1E7A4F7556}") = "CleanBlazorWeb", "CleanBlazorWeb\CleanBlazorWeb\CleanBlazorWeb.csproj", "{52A765E1-5360-41EF-91F2-5330470ED217}"
EndProject
Project("{9A19103F-16F7-4668-BE54-9A1E7A4F7556}") = "CleanBlazorWeb.Client", "CleanBlazorWeb\CleanBlazorWeb.Client\CleanBlazorWeb.Client.csproj", "{4F0E08A6-FE02-442B-A279-65BD430853E6}"
EndProject
Project("{2150E333-8FDC-42A3-9474-1A3956D46DE8}") = "Core", "Core", "{65F6BE4B-1C20-49C5-A584-421822688D16}"
EndProject
Project("{FAE04EC0-301F-11D3-BF4B-00C04F79EFBC}") = "Application", "Application\Application.csproj", "{C653410E-8323-4FE3-AE97-647A2145428D}"
EndProject
Project("{FAE04EC0-301F-11D3-BF4B-00C04F79EFBC}") = "Domain", "Domain\Domain.csproj", "{54108848-E0C9-408A-852B-CA1623CD9938}"
EndProject
Project("{2150E333-8FDC-42A3-9474-1A3956D46DE8}") = "Infra", "Infra", "{9E7843EF-8843-4436-B0C2-B148B347910A}"
EndProject
Project("{FAE04EC0-301F-11D3-BF4B-00C04F79EFBC}") = "Infrastructure", "Infrastructure\Infrastructure.csproj", "{C8EAD560-92C8-4FE4-A603-EAC8EA4D933C}"
EndProject
Global
	GlobalSection(SolutionConfigurationPlatforms) = preSolution
		Debug|Any CPU = Debug|Any CPU
		Release|Any CPU = Release|Any CPU
	EndGlobalSection
	GlobalSection(ProjectConfigurationPlatforms) = postSolution
		{52A765E1-5360-41EF-91F2-5330470ED217}.Debug|Any CPU.ActiveCfg = Debug|Any CPU
		{52A765E1-5360-41EF-91F2-5330470ED217}.Debug|Any CPU.Build.0 = Debug|Any CPU
		{52A765E1-5360-41EF-91F2-5330470ED217}.Release|Any CPU.ActiveCfg = Release|Any CPU
		{52A765E1-5360-41EF-91F2-5330470ED217}.Release|Any CPU.Build.0 = Release|Any CPU
		{4F0E08A6-FE02-442B-A279-65BD430853E6}.Debug|Any CPU.ActiveCfg = Debug|Any CPU
		{4F0E08A6-FE02-442B-A279-65BD430853E6}.Debug|Any CPU.Build.0 = Debug|Any CPU
		{4F0E08A6-FE02-442B-A279-65BD430853E6}.Release|Any CPU.ActiveCfg = Release|Any CPU
		{4F0E08A6-FE02-442B-A279-65BD430853E6}.Release|Any CPU.Build.0 = Release|Any CPU
		{C653410E-8323-4FE3-AE97-647A2145428D}.Debug|Any CPU.ActiveCfg = Debug|Any CPU
		{C653410E-8323-4FE3-AE97-647A2145428D}.Debug|Any CPU.Build.0 = Debug|Any CPU
		{C653410E-8323-4FE3-AE97-647A2145428D}.Release|Any CPU.ActiveCfg = Release|Any CPU
		{C653410E-8323-4FE3-AE97-647A2145428D}.Release|Any CPU.Build.0 = Release|Any CPU
		{54108848-E0C9-408A-852B-CA1623CD9938}.Debug|Any CPU.ActiveCfg = Debug|Any CPU
		{54108848-E0C9-408A-852B-CA1623CD9938}.Debug|Any CPU.Build.0 = Debug|Any CPU
		{54108848-E0C9-408A-852B-CA1623CD9938}.Release|Any CPU.ActiveCfg = Release|Any CPU
		{54108848-E0C9-408A-852B-CA1623CD9938}.Release|Any CPU.Build.0 = Release|Any CPU
		{C8EAD560-92C8-4FE4-A603-EAC8EA4D933C}.Debug|Any CPU.ActiveCfg = Debug|Any CPU
		{C8EAD560-92C8-4FE4-A603-EAC8EA4D933C}.Debug|Any CPU.Build.0 = Debug|Any CPU
		{C8EAD560-92C8-4FE4-A603-EAC8EA4D933C}.Release|Any CPU.ActiveCfg = Release|Any CPU
		{C8EAD560-92C8-4FE4-A603-EAC8EA4D933C}.Release|Any CPU.Build.0 = Release|Any CPU
	EndGlobalSection
	GlobalSection(SolutionProperties) = preSolution
		HideSolutionNode = FALSE
	EndGlobalSection
	GlobalSection(NestedProjects) = preSolution
		{C653410E-8323-4FE3-AE97-647A2145428D} = {65F6BE4B-1C20-49C5-A584-421822688D16}
		{54108848-E0C9-408A-852B-CA1623CD9938} = {65F6BE4B-1C20-49C5-A584-421822688D16}
		{C8EAD560-92C8-4FE4-A603-EAC8EA4D933C} = {9E7843EF-8843-4436-B0C2-B148B347910A}
	EndGlobalSection
	GlobalSection(ExtensibilityGlobals) = postSolution
		SolutionGuid = {109BF1EC-A0F1-41AC-9DB7-8BCCC3694A5C}
	EndGlobalSection
EndGlobal
